// !$*UTF8*$!
{
	archiveVersion = 1;
	classes = {
	};
	objectVersion = 50;
	objects = {

/* Begin PBXBuildFile section */
		EDA5406A23E9DD81009A41C5 /* AppDelegate.swift in Sources */ = {isa = PBXBuildFile; fileRef = EDA5406923E9DD81009A41C5 /* AppDelegate.swift */; };
		EDA5406C23E9DD81009A41C5 /* SceneDelegate.swift in Sources */ = {isa = PBXBuildFile; fileRef = EDA5406B23E9DD81009A41C5 /* SceneDelegate.swift */; };
		EDA5406E23E9DD81009A41C5 /* ViewController.swift in Sources */ = {isa = PBXBuildFile; fileRef = EDA5406D23E9DD81009A41C5 /* ViewController.swift */; };
		EDA5407123E9DD81009A41C5 /* Main.storyboard in Resources */ = {isa = PBXBuildFile; fileRef = EDA5406F23E9DD81009A41C5 /* Main.storyboard */; };
		EDA5407323E9DD82009A41C5 /* Assets.xcassets in Resources */ = {isa = PBXBuildFile; fileRef = EDA5407223E9DD82009A41C5 /* Assets.xcassets */; };
		EDA5407623E9DD82009A41C5 /* LaunchScreen.storyboard in Resources */ = {isa = PBXBuildFile; fileRef = EDA5407423E9DD82009A41C5 /* LaunchScreen.storyboard */; };
		EDA5407F23E9DDD2009A41C5 /* UILayoutBuilder.framework in Frameworks */ = {isa = PBXBuildFile; fileRef = EDA5407E23E9DDD2009A41C5 /* UILayoutBuilder.framework */; };
		EDA5408023E9DDD2009A41C5 /* UILayoutBuilder.framework in Embed Frameworks */ = {isa = PBXBuildFile; fileRef = EDA5407E23E9DDD2009A41C5 /* UILayoutBuilder.framework */; settings = {ATTRIBUTES = (CodeSignOnCopy, RemoveHeadersOnCopy, ); }; };
/* End PBXBuildFile section */

/* Begin PBXCopyFilesBuildPhase section */
		EDA5408123E9DDD2009A41C5 /* Embed Frameworks */ = {
			isa = PBXCopyFilesBuildPhase;
			buildActionMask = 2147483647;
			dstPath = "";
			dstSubfolderSpec = 10;
			files = (
				EDA5408023E9DDD2009A41C5 /* UILayoutBuilder.framework in Embed Frameworks */,
			);
			name = "Embed Frameworks";
			runOnlyForDeploymentPostprocessing = 0;
		};
/* End PBXCopyFilesBuildPhase section */

/* Begin PBXFileReference section */
		EDA5406623E9DD81009A41C5 /* UILayoutBuilderApp.app */ = {isa = PBXFileReference; explicitFileType = wrapper.application; includeInIndex = 0; path = UILayoutBuilderApp.app; sourceTree = BUILT_PRODUCTS_DIR; };
		EDA5406923E9DD81009A41C5 /* AppDelegate.swift */ = {isa = PBXFileReference; lastKnownFileType = sourcecode.swift; path = AppDelegate.swift; sourceTree = "<group>"; };
		EDA5406B23E9DD81009A41C5 /* SceneDelegate.swift */ = {isa = PBXFileReference; lastKnownFileType = sourcecode.swift; path = SceneDelegate.swift; sourceTree = "<group>"; };
		EDA5406D23E9DD81009A41C5 /* ViewController.swift */ = {isa = PBXFileReference; lastKnownFileType = sourcecode.swift; path = ViewController.swift; sourceTree = "<group>"; };
		EDA5407023E9DD81009A41C5 /* Base */ = {isa = PBXFileReference; lastKnownFileType = file.storyboard; name = Base; path = Base.lproj/Main.storyboard; sourceTree = "<group>"; };
		EDA5407223E9DD82009A41C5 /* Assets.xcassets */ = {isa = PBXFileReference; lastKnownFileType = folder.assetcatalog; path = Assets.xcassets; sourceTree = "<group>"; };
		EDA5407523E9DD82009A41C5 /* Base */ = {isa = PBXFileReference; lastKnownFileType = file.storyboard; name = Base; path = Base.lproj/LaunchScreen.storyboard; sourceTree = "<group>"; };
		EDA5407723E9DD82009A41C5 /* Info.plist */ = {isa = PBXFileReference; lastKnownFileType = text.plist.xml; path = Info.plist; sourceTree = "<group>"; };
		EDA5407E23E9DDD2009A41C5 /* UILayoutBuilder.framework */ = {isa = PBXFileReference; lastKnownFileType = wrapper.framework; path = UILayoutBuilder.framework; sourceTree = BUILT_PRODUCTS_DIR; };
/* End PBXFileReference section */

/* Begin PBXFrameworksBuildPhase section */
		EDA5406323E9DD81009A41C5 /* Frameworks */ = {
			isa = PBXFrameworksBuildPhase;
			buildActionMask = 2147483647;
			files = (
				EDA5407F23E9DDD2009A41C5 /* UILayoutBuilder.framework in Frameworks */,
			);
			runOnlyForDeploymentPostprocessing = 0;
		};
/* End PBXFrameworksBuildPhase section */

/* Begin PBXGroup section */
		EDA5405D23E9DD81009A41C5 = {
			isa = PBXGroup;
			children = (
				EDA5406823E9DD81009A41C5 /* UILayoutBuilderApp */,
				EDA5406723E9DD81009A41C5 /* Products */,
				EDA5407D23E9DDD2009A41C5 /* Frameworks */,
			);
			sourceTree = "<group>";
		};
		EDA5406723E9DD81009A41C5 /* Products */ = {
			isa = PBXGroup;
			children = (
				EDA5406623E9DD81009A41C5 /* UILayoutBuilderApp.app */,
			);
			name = Products;
			sourceTree = "<group>";
		};
		EDA5406823E9DD81009A41C5 /* UILayoutBuilderApp */ = {
			isa = PBXGroup;
			children = (
				EDA5406923E9DD81009A41C5 /* AppDelegate.swift */,
				EDA5406B23E9DD81009A41C5 /* SceneDelegate.swift */,
				EDA5406D23E9DD81009A41C5 /* ViewController.swift */,
				EDA5406F23E9DD81009A41C5 /* Main.storyboard */,
				EDA5407223E9DD82009A41C5 /* Assets.xcassets */,
				EDA5407423E9DD82009A41C5 /* LaunchScreen.storyboard */,
				EDA5407723E9DD82009A41C5 /* Info.plist */,
			);
			path = UILayoutBuilderApp;
			sourceTree = "<group>";
		};
		EDA5407D23E9DDD2009A41C5 /* Frameworks */ = {
			isa = PBXGroup;
			children = (
				EDA5407E23E9DDD2009A41C5 /* UILayoutBuilder.framework */,
			);
			name = Frameworks;
			sourceTree = "<group>";
		};
/* End PBXGroup section */

/* Begin PBXNativeTarget section */
		EDA5406523E9DD81009A41C5 /* UILayoutBuilderApp */ = {
			isa = PBXNativeTarget;
			buildConfigurationList = EDA5407A23E9DD82009A41C5 /* Build configuration list for PBXNativeTarget "UILayoutBuilderApp" */;
			buildPhases = (
				EDA5406223E9DD81009A41C5 /* Sources */,
				EDA5406323E9DD81009A41C5 /* Frameworks */,
				EDA5406423E9DD81009A41C5 /* Resources */,
				EDA5408123E9DDD2009A41C5 /* Embed Frameworks */,
			);
			buildRules = (
			);
			dependencies = (
			);
			name = UILayoutBuilderApp;
			productName = UILayoutBuilderApp;
			productReference = EDA5406623E9DD81009A41C5 /* UILayoutBuilderApp.app */;
			productType = "com.apple.product-type.application";
		};
/* End PBXNativeTarget section */

/* Begin PBXProject section */
		EDA5405E23E9DD81009A41C5 /* Project object */ = {
			isa = PBXProject;
			attributes = {
				LastSwiftUpdateCheck = 1130;
				LastUpgradeCheck = 1130;
				ORGANIZATIONNAME = "marty-suzuki";
				TargetAttributes = {
					EDA5406523E9DD81009A41C5 = {
						CreatedOnToolsVersion = 11.3.1;
					};
				};
			};
			buildConfigurationList = EDA5406123E9DD81009A41C5 /* Build configuration list for PBXProject "UILayoutBuilderApp" */;
			compatibilityVersion = "Xcode 9.3";
			developmentRegion = en;
			hasScannedForEncodings = 0;
			knownRegions = (
				en,
				Base,
			);
			mainGroup = EDA5405D23E9DD81009A41C5;
			productRefGroup = EDA5406723E9DD81009A41C5 /* Products */;
			projectDirPath = "";
			projectRoot = "";
			targets = (
				EDA5406523E9DD81009A41C5 /* UILayoutBuilderApp */,
			);
		};
/* End PBXProject section */

/* Begin PBXResourcesBuildPhase section */
		EDA5406423E9DD81009A41C5 /* Resources */ = {
			isa = PBXResourcesBuildPhase;
			buildActionMask = 2147483647;
			files = (
				EDA5407623E9DD82009A41C5 /* LaunchScreen.storyboard in Resources */,
				EDA5407323E9DD82009A41C5 /* Assets.xcassets in Resources */,
				EDA5407123E9DD81009A41C5 /* Main.storyboard in Resources */,
			);
			runOnlyForDeploymentPostprocessing = 0;
		};
/* End PBXResourcesBuildPhase section */

/* Begin PBXSourcesBuildPhase section */
		EDA5406223E9DD81009A41C5 /* Sources */ = {
			isa = PBXSourcesBuildPhase;
			buildActionMask = 2147483647;
			files = (
				EDA5406E23E9DD81009A41C5 /* ViewController.swift in Sources */,
				EDA5406A23E9DD81009A41C5 /* AppDelegate.swift in Sources */,
				EDA5406C23E9DD81009A41C5 /* SceneDelegate.swift in Sources */,
			);
			runOnlyForDeploymentPostprocessing = 0;
		};
/* End PBXSourcesBuildPhase section */

/* Begin PBXVariantGroup section */
		EDA5406F23E9DD81009A41C5 /* Main.storyboard */ = {
			isa = PBXVariantGroup;
			children = (
				EDA5407023E9DD81009A41C5 /* Base */,
			);
			name = Main.storyboard;
			sourceTree = "<group>";
		};
		EDA5407423E9DD82009A41C5 /* LaunchScreen.storyboard */ = {
			isa = PBXVariantGroup;
			children = (
				EDA5407523E9DD82009A41C5 /* Base */,
			);
			name = LaunchScreen.storyboard;
			sourceTree = "<group>";
		};
/* End PBXVariantGroup section */

/* Begin XCBuildConfiguration section */
		EDA5407823E9DD82009A41C5 /* Debug */ = {
			isa = XCBuildConfiguration;
			buildSettings = {
				ALWAYS_SEARCH_USER_PATHS = NO;
				CLANG_ANALYZER_NONNULL = YES;
				CLANG_ANALYZER_NUMBER_OBJECT_CONVERSION = YES_AGGRESSIVE;
				CLANG_CXX_LANGUAGE_STANDARD = "gnu++14";
				CLANG_CXX_LIBRARY = "libc++";
				CLANG_ENABLE_MODULES = YES;
				CLANG_ENABLE_OBJC_ARC = YES;
				CLANG_ENABLE_OBJC_WEAK = YES;
				CLANG_WARN_BLOCK_CAPTURE_AUTORELEASING = YES;
				CLANG_WARN_BOOL_CONVERSION = YES;
				CLANG_WARN_COMMA = YES;
				CLANG_WARN_CONSTANT_CONVERSION = YES;
				CLANG_WARN_DEPRECATED_OBJC_IMPLEMENTATIONS = YES;
				CLANG_WARN_DIRECT_OBJC_ISA_USAGE = YES_ERROR;
				CLANG_WARN_DOCUMENTATION_COMMENTS = YES;
				CLANG_WARN_EMPTY_BODY = YES;
				CLANG_WARN_ENUM_CONVERSION = YES;
				CLANG_WARN_INFINITE_RECURSION = YES;
				CLANG_WARN_INT_CONVERSION = YES;
				CLANG_WARN_NON_LITERAL_NULL_CONVERSION = YES;
				CLANG_WARN_OBJC_IMPLICIT_RETAIN_SELF = YES;
				CLANG_WARN_OBJC_LITERAL_CONVERSION = YES;
				CLANG_WARN_OBJC_ROOT_CLASS = YES_ERROR;
				CLANG_WARN_RANGE_LOOP_ANALYSIS = YES;
				CLANG_WARN_STRICT_PROTOTYPES = YES;
				CLANG_WARN_SUSPICIOUS_MOVE = YES;
				CLANG_WARN_UNGUARDED_AVAILABILITY = YES_AGGRESSIVE;
				CLANG_WARN_UNREACHABLE_CODE = YES;
				CLANG_WARN__DUPLICATE_METHOD_MATCH = YES;
				COPY_PHASE_STRIP = NO;
				DEBUG_INFORMATION_FORMAT = dwarf;
				ENABLE_STRICT_OBJC_MSGSEND = YES;
				ENABLE_TESTABILITY = YES;
				GCC_C_LANGUAGE_STANDARD = gnu11;
				GCC_DYNAMIC_NO_PIC = NO;
				GCC_NO_COMMON_BLOCKS = YES;
				GCC_OPTIMIZATION_LEVEL = 0;
				GCC_PREPROCESSOR_DEFINITIONS = (
					"DEBUG=1",
					"$(inherited)",
				);
				GCC_WARN_64_TO_32_BIT_CONVERSION = YES;
				GCC_WARN_ABOUT_RETURN_TYPE = YES_ERROR;
				GCC_WARN_UNDECLARED_SELECTOR = YES;
				GCC_WARN_UNINITIALIZED_AUTOS = YES_AGGRESSIVE;
				GCC_WARN_UNUSED_FUNCTION = YES;
				GCC_WARN_UNUSED_VARIABLE = YES;
				IPHONEOS_DEPLOYMENT_TARGET = 13.2;
				MTL_ENABLE_DEBUG_INFO = INCLUDE_SOURCE;
				MTL_FAST_MATH = YES;
				ONLY_ACTIVE_ARCH = YES;
				SDKROOT = iphoneos;
				SWIFT_ACTIVE_COMPILATION_CONDITIONS = DEBUG;
				SWIFT_OPTIMIZATION_LEVEL = "-Onone";
			};
			name = Debug;
		};
		EDA5407923E9DD82009A41C5 /* Release */ = {
			isa = XCBuildConfiguration;
			buildSettings = {
				ALWAYS_SEARCH_USER_PATHS = NO;
				CLANG_ANALYZER_NONNULL = YES;
				CLANG_ANALYZER_NUMBER_OBJECT_CONVERSION = YES_AGGRESSIVE;
				CLANG_CXX_LANGUAGE_STANDARD = "gnu++14";
				CLANG_CXX_LIBRARY = "libc++";
				CLANG_ENABLE_MODULES = YES;
				CLANG_ENABLE_OBJC_ARC = YES;
				CLANG_ENABLE_OBJC_WEAK = YES;
				CLANG_WARN_BLOCK_CAPTURE_AUTORELEASING = YES;
				CLANG_WARN_BOOL_CONVERSION = YES;
				CLANG_WARN_COMMA = YES;
				CLANG_WARN_CONSTANT_CONVERSION = YES;
				CLANG_WARN_DEPRECATED_OBJC_IMPLEMENTATIONS = YES;
				CLANG_WARN_DIRECT_OBJC_ISA_USAGE = YES_ERROR;
				CLANG_WARN_DOCUMENTATION_COMMENTS = YES;
				CLANG_WARN_EMPTY_BODY = YES;
				CLANG_WARN_ENUM_CONVERSION = YES;
				CLANG_WARN_INFINITE_RECURSION = YES;
				CLANG_WARN_INT_CONVERSION = YES;
				CLANG_WARN_NON_LITERAL_NULL_CONVERSION = YES;
				CLANG_WARN_OBJC_IMPLICIT_RETAIN_SELF = YES;
				CLANG_WARN_OBJC_LITERAL_CONVERSION = YES;
				CLANG_WARN_OBJC_ROOT_CLASS = YES_ERROR;
				CLANG_WARN_RANGE_LOOP_ANALYSIS = YES;
				CLANG_WARN_STRICT_PROTOTYPES = YES;
				CLANG_WARN_SUSPICIOUS_MOVE = YES;
				CLANG_WARN_UNGUARDED_AVAILABILITY = YES_AGGRESSIVE;
				CLANG_WARN_UNREACHABLE_CODE = YES;
				CLANG_WARN__DUPLICATE_METHOD_MATCH = YES;
				COPY_PHASE_STRIP = NO;
				DEBUG_INFORMATION_FORMAT = "dwarf-with-dsym";
				ENABLE_NS_ASSERTIONS = NO;
				ENABLE_STRICT_OBJC_MSGSEND = YES;
				GCC_C_LANGUAGE_STANDARD = gnu11;
				GCC_NO_COMMON_BLOCKS = YES;
				GCC_WARN_64_TO_32_BIT_CONVERSION = YES;
				GCC_WARN_ABOUT_RETURN_TYPE = YES_ERROR;
				GCC_WARN_UNDECLARED_SELECTOR = YES;
				GCC_WARN_UNINITIALIZED_AUTOS = YES_AGGRESSIVE;
				GCC_WARN_UNUSED_FUNCTION = YES;
				GCC_WARN_UNUSED_VARIABLE = YES;
				IPHONEOS_DEPLOYMENT_TARGET = 13.2;
				MTL_ENABLE_DEBUG_INFO = NO;
				MTL_FAST_MATH = YES;
				SDKROOT = iphoneos;
				SWIFT_COMPILATION_MODE = wholemodule;
				SWIFT_OPTIMIZATION_LEVEL = "-O";
				VALIDATE_PRODUCT = YES;
			};
			name = Release;
		};
		EDA5407B23E9DD82009A41C5 /* Debug */ = {
			isa = XCBuildConfiguration;
			buildSettings = {
				ASSETCATALOG_COMPILER_APPICON_NAME = AppIcon;
				CODE_SIGN_STYLE = Automatic;
				INFOPLIST_FILE = UILayoutBuilderApp/Info.plist;
				LD_RUNPATH_SEARCH_PATHS = (
					"$(inherited)",
					"@executable_path/Frameworks",
				);
				PRODUCT_BUNDLE_IDENTIFIER = "jp.marty-suzuki.UILayoutBuilderApp";
				PRODUCT_NAME = "$(TARGET_NAME)";
				SWIFT_VERSION = 5.0;
				TARGETED_DEVICE_FAMILY = "1,2";
			};
			name = Debug;
		};
		EDA5407C23E9DD82009A41C5 /* Release */ = {
			isa = XCBuildConfiguration;
			buildSettings = {
				ASSETCATALOG_COMPILER_APPICON_NAME = AppIcon;
				CODE_SIGN_STYLE = Automatic;
				INFOPLIST_FILE = UILayoutBuilderApp/Info.plist;
				LD_RUNPATH_SEARCH_PATHS = (
					"$(inherited)",
					"@executable_path/Frameworks",
				);
				PRODUCT_BUNDLE_IDENTIFIER = "jp.marty-suzuki.UILayoutBuilderApp";
				PRODUCT_NAME = "$(TARGET_NAME)";
				SWIFT_VERSION = 5.0;
				TARGETED_DEVICE_FAMILY = "1,2";
			};
			name = Release;
		};
/* End XCBuildConfiguration section */

/* Begin XCConfigurationList section */
		EDA5406123E9DD81009A41C5 /* Build configuration list for PBXProject "UILayoutBuilderApp" */ = {
			isa = XCConfigurationList;
			buildConfigurations = (
				EDA5407823E9DD82009A41C5 /* Debug */,
				EDA5407923E9DD82009A41C5 /* Release */,
			);
			defaultConfigurationIsVisible = 0;
			defaultConfigurationName = Release;
		};
		EDA5407A23E9DD82009A41C5 /* Build configuration list for PBXNativeTarget "UILayoutBuilderApp" */ = {
			isa = XCConfigurationList;
			buildConfigurations = (
				EDA5407B23E9DD82009A41C5 /* Debug */,
				EDA5407C23E9DD82009A41C5 /* Release */,
			);
			defaultConfigurationIsVisible = 0;
			defaultConfigurationName = Release;
		};
/* End XCConfigurationList section */
	};
	rootObject = EDA5405E23E9DD81009A41C5 /* Project object */;
}
